
Microsoft Visual Studio Solution File, Format Version 12.00
# Visual Studio Version 16
VisualStudioVersion = 16.0.32602.291
MinimumVisualStudioVersion = 10.0.40219.1
Project("{159641D6-6404-4A2A-AE62-294DE0FE8301}") = "ETL DataMart Hiriart Corales", "ETL DataMart Hiriart Corales\ETL DataMart Hiriart Corales.dtproj", "{C95ACE4A-0331-466B-AD92-0B2E1DDB099E}"
EndProject
Global
	GlobalSection(SolutionConfigurationPlatforms) = preSolution
		Development|Default = Development|Default
	EndGlobalSection
	GlobalSection(ProjectConfigurationPlatforms) = postSolution
		{C95ACE4A-0331-466B-AD92-0B2E1DDB099E}.Development|Default.ActiveCfg = Development
		{C95ACE4A-0331-466B-AD92-0B2E1DDB099E}.Development|Default.Build.0 = Development
	EndGlobalSection
	GlobalSection(SolutionProperties) = preSolution
		HideSolutionNode = FALSE
	EndGlobalSection
	GlobalSection(ExtensibilityGlobals) = postSolution
		SolutionGuid = {FFAF1A63-4590-44B6-A1CD-FF9CCF57C93C}
	EndGlobalSection
EndGlobal
